{
  "name": "Sensor Chart Addon",
  "version": "1.0.0",
  "lockfileVersion": 2,
  "requires": true,
  "packages": {
    "": {
      "name": "Sensor Chart Addon",
      "version": "1.0.0",
      "dependencies": {
        "vue-multiselect": "^2.1.7"
      }
    },
    "node_modules/vue-multiselect": {
      "version": "2.1.7",
      "resolved": "https://registry.npmjs.org/vue-multiselect/-/vue-multiselect-2.1.7.tgz",
      "integrity": "sha512-KIegcN+Ntwg3cbkY/jhw2s/+XJUM0Lpi/LcKFYCS8PrZHcWBl2iKCVze7ZCnRj3w8H7/lUJ9v7rj9KQiNxApBw==",
      "engines": {
        "node": ">= 4.0.0",
        "npm": ">= 3.0.0"
      }
    }
  },
  "dependencies": {
    "vue-multiselect": {
      "version": "2.1.7",
      "resolved": "https://registry.npmjs.org/vue-multiselect/-/vue-multiselect-2.1.7.tgz",
      "integrity": "sha512-KIegcN+Ntwg3cbkY/jhw2s/+XJUM0Lpi/LcKFYCS8PrZHcWBl2iKCVze7ZCnRj3w8H7/lUJ9v7rj9KQiNxApBw=="
    }
  }
}
